// !$*UTF8*$!
{
	archiveVersion = 1;
	classes = {
	};
	objectVersion = 56;
	objects = {

/* Begin PBXBuildFile section */
		068B85C82973B3B900278140 /* MyGumFitApp.swift in Sources */ = {isa = PBXBuildFile; fileRef = 068B85C72973B3B900278140 /* MyGumFitApp.swift */; };
		068B85CA2973B3B900278140 /* ContentView.swift in Sources */ = {isa = PBXBuildFile; fileRef = 068B85C92973B3B900278140 /* ContentView.swift */; };
		068B85CC2973B3BB00278140 /* Assets.xcassets in Resources */ = {isa = PBXBuildFile; fileRef = 068B85CB2973B3BB00278140 /* Assets.xcassets */; };
		068B85D02973B3BB00278140 /* Preview Assets.xcassets in Resources */ = {isa = PBXBuildFile; fileRef = 068B85CF2973B3BB00278140 /* Preview Assets.xcassets */; };
		068B85DA2973D4D600278140 /* WeekList.swift in Sources */ = {isa = PBXBuildFile; fileRef = 068B85D92973D4D600278140 /* WeekList.swift */; };
		068B85DC2973D68000278140 /* WorkoutMondey.swift in Sources */ = {isa = PBXBuildFile; fileRef = 068B85DB2973D68000278140 /* WorkoutMondey.swift */; };
		068B85DE2973D6B500278140 /* WorkoutTuesday.swift in Sources */ = {isa = PBXBuildFile; fileRef = 068B85DD2973D6B500278140 /* WorkoutTuesday.swift */; };
/* End PBXBuildFile section */

/* Begin PBXFileReference section */
		068B85C42973B3B900278140 /* MyGumFit.app */ = {isa = PBXFileReference; explicitFileType = wrapper.application; includeInIndex = 0; path = MyGumFit.app; sourceTree = BUILT_PRODUCTS_DIR; };
		068B85C72973B3B900278140 /* MyGumFitApp.swift */ = {isa = PBXFileReference; lastKnownFileType = sourcecode.swift; path = MyGumFitApp.swift; sourceTree = "<group>"; };
		068B85C92973B3B900278140 /* ContentView.swift */ = {isa = PBXFileReference; lastKnownFileType = sourcecode.swift; path = ContentView.swift; sourceTree = "<group>"; };
		068B85CB2973B3BB00278140 /* Assets.xcassets */ = {isa = PBXFileReference; lastKnownFileType = folder.assetcatalog; path = Assets.xcassets; sourceTree = "<group>"; };
		068B85CD2973B3BB00278140 /* MyGumFit.entitlements */ = {isa = PBXFileReference; lastKnownFileType = text.plist.entitlements; path = MyGumFit.entitlements; sourceTree = "<group>"; };
		068B85CF2973B3BB00278140 /* Preview Assets.xcassets */ = {isa = PBXFileReference; lastKnownFileType = folder.assetcatalog; path = "Preview Assets.xcassets"; sourceTree = "<group>"; };
		068B85D72973BBB100278140 /* Info.plist */ = {isa = PBXFileReference; lastKnownFileType = text.plist.xml; path = Info.plist; sourceTree = "<group>"; };
		068B85D92973D4D600278140 /* WeekList.swift */ = {isa = PBXFileReference; lastKnownFileType = sourcecode.swift; path = WeekList.swift; sourceTree = "<group>"; };
		068B85DB2973D68000278140 /* WorkoutMondey.swift */ = {isa = PBXFileReference; lastKnownFileType = sourcecode.swift; path = WorkoutMondey.swift; sourceTree = "<group>"; };
		068B85DD2973D6B500278140 /* WorkoutTuesday.swift */ = {isa = PBXFileReference; lastKnownFileType = sourcecode.swift; path = WorkoutTuesday.swift; sourceTree = "<group>"; };
/* End PBXFileReference section */

/* Begin PBXFrameworksBuildPhase section */
		068B85C12973B3B900278140 /* Frameworks */ = {
			isa = PBXFrameworksBuildPhase;
			buildActionMask = 2147483647;
			files = (
			);
			runOnlyForDeploymentPostprocessing = 0;
		};
/* End PBXFrameworksBuildPhase section */

/* Begin PBXGroup section */
		068B85BB2973B3B900278140 = {
			isa = PBXGroup;
			children = (
				068B85C62973B3B900278140 /* MyGumFit */,
				068B85C52973B3B900278140 /* Products */,
			);
			sourceTree = "<group>";
		};
		068B85C52973B3B900278140 /* Products */ = {
			isa = PBXGroup;
			children = (
				068B85C42973B3B900278140 /* MyGumFit.app */,
			);
			name = Products;
			sourceTree = "<group>";
		};
		068B85C62973B3B900278140 /* MyGumFit */ = {
			isa = PBXGroup;
			children = (
				068B85CE2973B3BB00278140 /* Preview Content */,
				068B85D82973D4A500278140 /* FoodsPlan */,
				068B85D62973B41200278140 /* WorkoutWeek */,
				068B85C72973B3B900278140 /* MyGumFitApp.swift */,
				068B85C92973B3B900278140 /* ContentView.swift */,
				068B85CB2973B3BB00278140 /* Assets.xcassets */,
				068B85CD2973B3BB00278140 /* MyGumFit.entitlements */,
				068B85D72973BBB100278140 /* Info.plist */,
			);
			path = MyGumFit;
			sourceTree = "<group>";
		};
		068B85CE2973B3BB00278140 /* Preview Content */ = {
			isa = PBXGroup;
			children = (
				068B85CF2973B3BB00278140 /* Preview Assets.xcassets */,
			);
			path = "Preview Content";
			sourceTree = "<group>";
		};
		068B85D62973B41200278140 /* WorkoutWeek */ = {
			isa = PBXGroup;
			children = (
				068B85D92973D4D600278140 /* WeekList.swift */,
				068B85DB2973D68000278140 /* WorkoutMondey.swift */,
				068B85DD2973D6B500278140 /* WorkoutTuesday.swift */,
			);
			path = WorkoutWeek;
			sourceTree = "<group>";
		};
		068B85D82973D4A500278140 /* FoodsPlan */ = {
			isa = PBXGroup;
			children = (
			);
			path = FoodsPlan;
			sourceTree = "<group>";
		};
/* End PBXGroup section */

/* Begin PBXNativeTarget section */
		068B85C32973B3B900278140 /* MyGumFit */ = {
			isa = PBXNativeTarget;
			buildConfigurationList = 068B85D32973B3BB00278140 /* Build configuration list for PBXNativeTarget "MyGumFit" */;
			buildPhases = (
				068B85C02973B3B900278140 /* Sources */,
				068B85C12973B3B900278140 /* Frameworks */,
				068B85C22973B3B900278140 /* Resources */,
			);
			buildRules = (
			);
			dependencies = (
			);
			name = MyGumFit;
			productName = MyGumFit;
			productReference = 068B85C42973B3B900278140 /* MyGumFit.app */;
			productType = "com.apple.product-type.application";
		};
/* End PBXNativeTarget section */

/* Begin PBXProject section */
		068B85BC2973B3B900278140 /* Project object */ = {
			isa = PBXProject;
			attributes = {
				BuildIndependentTargetsInParallel = 1;
				LastSwiftUpdateCheck = 1420;
				LastUpgradeCheck = 1420;
				TargetAttributes = {
					068B85C32973B3B900278140 = {
						CreatedOnToolsVersion = 14.2;
					};
				};
			};
			buildConfigurationList = 068B85BF2973B3B900278140 /* Build configuration list for PBXProject "MyGumFit" */;
			compatibilityVersion = "Xcode 14.0";
			developmentRegion = en;
			hasScannedForEncodings = 0;
			knownRegions = (
				en,
				Base,
			);
			mainGroup = 068B85BB2973B3B900278140;
			productRefGroup = 068B85C52973B3B900278140 /* Products */;
			projectDirPath = "";
			projectRoot = "";
			targets = (
				068B85C32973B3B900278140 /* MyGumFit */,
			);
		};
/* End PBXProject section */

/* Begin PBXResourcesBuildPhase section */
		068B85C22973B3B900278140 /* Resources */ = {
			isa = PBXResourcesBuildPhase;
			buildActionMask = 2147483647;
			files = (
				068B85D02973B3BB00278140 /* Preview Assets.xcassets in Resources */,
				068B85CC2973B3BB00278140 /* Assets.xcassets in Resources */,
			);
			runOnlyForDeploymentPostprocessing = 0;
		};
/* End PBXResourcesBuildPhase section */

/* Begin PBXSourcesBuildPhase section */
		068B85C02973B3B900278140 /* Sources */ = {
			isa = PBXSourcesBuildPhase;
			buildActionMask = 2147483647;
			files = (
				068B85DE2973D6B500278140 /* WorkoutTuesday.swift in Sources */,
				068B85DA2973D4D600278140 /* WeekList.swift in Sources */,
				068B85DC2973D68000278140 /* WorkoutMondey.swift in Sources */,
				068B85CA2973B3B900278140 /* ContentView.swift in Sources */,
				068B85C82973B3B900278140 /* MyGumFitApp.swift in Sources */,
			);
			runOnlyForDeploymentPostprocessing = 0;
		};
/* End PBXSourcesBuildPhase section */

/* Begin XCBuildConfiguration section */
		068B85D12973B3BB00278140 /* Debug */ = {
			isa = XCBuildConfiguration;
			buildSettings = {
				ALWAYS_SEARCH_USER_PATHS = NO;
				CLANG_ANALYZER_NONNULL = YES;
				CLANG_ANALYZER_NUMBER_OBJECT_CONVERSION = YES_AGGRESSIVE;
				CLANG_CXX_LANGUAGE_STANDARD = "gnu++20";
				CLANG_ENABLE_MODULES = YES;
				CLANG_ENABLE_OBJC_ARC = YES;
				CLANG_ENABLE_OBJC_WEAK = YES;
				CLANG_WARN_BLOCK_CAPTURE_AUTORELEASING = YES;
				CLANG_WARN_BOOL_CONVERSION = YES;
				CLANG_WARN_COMMA = YES;
				CLANG_WARN_CONSTANT_CONVERSION = YES;
				CLANG_WARN_DEPRECATED_OBJC_IMPLEMENTATIONS = YES;
				CLANG_WARN_DIRECT_OBJC_ISA_USAGE = YES_ERROR;
				CLANG_WARN_DOCUMENTATION_COMMENTS = YES;
				CLANG_WARN_EMPTY_BODY = YES;
				CLANG_WARN_ENUM_CONVERSION = YES;
				CLANG_WARN_INFINITE_RECURSION = YES;
				CLANG_WARN_INT_CONVERSION = YES;
				CLANG_WARN_NON_LITERAL_NULL_CONVERSION = YES;
				CLANG_WARN_OBJC_IMPLICIT_RETAIN_SELF = YES;
				CLANG_WARN_OBJC_LITERAL_CONVERSION = YES;
				CLANG_WARN_OBJC_ROOT_CLASS = YES_ERROR;
				CLANG_WARN_QUOTED_INCLUDE_IN_FRAMEWORK_HEADER = YES;
				CLANG_WARN_RANGE_LOOP_ANALYSIS = YES;
				CLANG_WARN_STRICT_PROTOTYPES = YES;
				CLANG_WARN_SUSPICIOUS_MOVE = YES;
				CLANG_WARN_UNGUARDED_AVAILABILITY = YES_AGGRESSIVE;
				CLANG_WARN_UNREACHABLE_CODE = YES;
				CLANG_WARN__DUPLICATE_METHOD_MATCH = YES;
				COPY_PHASE_STRIP = NO;
				DEBUG_INFORMATION_FORMAT = dwarf;
				ENABLE_STRICT_OBJC_MSGSEND = YES;
				ENABLE_TESTABILITY = YES;
				GCC_C_LANGUAGE_STANDARD = gnu11;
				GCC_DYNAMIC_NO_PIC = NO;
				GCC_NO_COMMON_BLOCKS = YES;
				GCC_OPTIMIZATION_LEVEL = 0;
				GCC_PREPROCESSOR_DEFINITIONS = (
					"DEBUG=1",
					"$(inherited)",
				);
				GCC_WARN_64_TO_32_BIT_CONVERSION = YES;
				GCC_WARN_ABOUT_RETURN_TYPE = YES_ERROR;
				GCC_WARN_UNDECLARED_SELECTOR = YES;
				GCC_WARN_UNINITIALIZED_AUTOS = YES_AGGRESSIVE;
				GCC_WARN_UNUSED_FUNCTION = YES;
				GCC_WARN_UNUSED_VARIABLE = YES;
				MTL_ENABLE_DEBUG_INFO = INCLUDE_SOURCE;
				MTL_FAST_MATH = YES;
				ONLY_ACTIVE_ARCH = YES;
				SWIFT_ACTIVE_COMPILATION_CONDITIONS = DEBUG;
				SWIFT_OPTIMIZATION_LEVEL = "-Onone";
			};
			name = Debug;
		};
		068B85D22973B3BB00278140 /* Release */ = {
			isa = XCBuildConfiguration;
			buildSettings = {
				ALWAYS_SEARCH_USER_PATHS = NO;
				CLANG_ANALYZER_NONNULL = YES;
				CLANG_ANALYZER_NUMBER_OBJECT_CONVERSION = YES_AGGRESSIVE;
				CLANG_CXX_LANGUAGE_STANDARD = "gnu++20";
				CLANG_ENABLE_MODULES = YES;
				CLANG_ENABLE_OBJC_ARC = YES;
				CLANG_ENABLE_OBJC_WEAK = YES;
				CLANG_WARN_BLOCK_CAPTURE_AUTORELEASING = YES;
				CLANG_WARN_BOOL_CONVERSION = YES;
				CLANG_WARN_COMMA = YES;
				CLANG_WARN_CONSTANT_CONVERSION = YES;
				CLANG_WARN_DEPRECATED_OBJC_IMPLEMENTATIONS = YES;
				CLANG_WARN_DIRECT_OBJC_ISA_USAGE = YES_ERROR;
				CLANG_WARN_DOCUMENTATION_COMMENTS = YES;
				CLANG_WARN_EMPTY_BODY = YES;
				CLANG_WARN_ENUM_CONVERSION = YES;
				CLANG_WARN_INFINITE_RECURSION = YES;
				CLANG_WARN_INT_CONVERSION = YES;
				CLANG_WARN_NON_LITERAL_NULL_CONVERSION = YES;
				CLANG_WARN_OBJC_IMPLICIT_RETAIN_SELF = YES;
				CLANG_WARN_OBJC_LITERAL_CONVERSION = YES;
				CLANG_WARN_OBJC_ROOT_CLASS = YES_ERROR;
				CLANG_WARN_QUOTED_INCLUDE_IN_FRAMEWORK_HEADER = YES;
				CLANG_WARN_RANGE_LOOP_ANALYSIS = YES;
				CLANG_WARN_STRICT_PROTOTYPES = YES;
				CLANG_WARN_SUSPICIOUS_MOVE = YES;
				CLANG_WARN_UNGUARDED_AVAILABILITY = YES_AGGRESSIVE;
				CLANG_WARN_UNREACHABLE_CODE = YES;
				CLANG_WARN__DUPLICATE_METHOD_MATCH = YES;
				COPY_PHASE_STRIP = NO;
				DEBUG_INFORMATION_FORMAT = "dwarf-with-dsym";
				ENABLE_NS_ASSERTIONS = NO;
				ENABLE_STRICT_OBJC_MSGSEND = YES;
				GCC_C_LANGUAGE_STANDARD = gnu11;
				GCC_NO_COMMON_BLOCKS = YES;
				GCC_WARN_64_TO_32_BIT_CONVERSION = YES;
				GCC_WARN_ABOUT_RETURN_TYPE = YES_ERROR;
				GCC_WARN_UNDECLARED_SELECTOR = YES;
				GCC_WARN_UNINITIALIZED_AUTOS = YES_AGGRESSIVE;
				GCC_WARN_UNUSED_FUNCTION = YES;
				GCC_WARN_UNUSED_VARIABLE = YES;
				MTL_ENABLE_DEBUG_INFO = NO;
				MTL_FAST_MATH = YES;
				SWIFT_COMPILATION_MODE = wholemodule;
				SWIFT_OPTIMIZATION_LEVEL = "-O";
			};
			name = Release;
		};
		068B85D42973B3BB00278140 /* Debug */ = {
			isa = XCBuildConfiguration;
			buildSettings = {
				ASSETCATALOG_COMPILER_APPICON_NAME = AppIcon;
				ASSETCATALOG_COMPILER_GLOBAL_ACCENT_COLOR_NAME = AccentColor;
				CODE_SIGN_ENTITLEMENTS = MyGumFit/MyGumFit.entitlements;
				CODE_SIGN_STYLE = Automatic;
				CURRENT_PROJECT_VERSION = 1;
				DEVELOPMENT_ASSET_PATHS = "\"MyGumFit/Preview Content\"";
				DEVELOPMENT_TEAM = 95C35P9LHK;
				ENABLE_HARDENED_RUNTIME = YES;
				ENABLE_PREVIEWS = YES;
				GENERATE_INFOPLIST_FILE = YES;
				INFOPLIST_FILE = MyGumFit/Info.plist;
				"INFOPLIST_KEY_UIApplicationSceneManifest_Generation[sdk=iphoneos*]" = YES;
				"INFOPLIST_KEY_UIApplicationSceneManifest_Generation[sdk=iphonesimulator*]" = YES;
				"INFOPLIST_KEY_UIApplicationSupportsIndirectInputEvents[sdk=iphoneos*]" = YES;
				"INFOPLIST_KEY_UIApplicationSupportsIndirectInputEvents[sdk=iphonesimulator*]" = YES;
				"INFOPLIST_KEY_UILaunchScreen_Generation[sdk=iphoneos*]" = YES;
				"INFOPLIST_KEY_UILaunchScreen_Generation[sdk=iphonesimulator*]" = YES;
				"INFOPLIST_KEY_UIStatusBarStyle[sdk=iphoneos*]" = UIStatusBarStyleDefault;
				"INFOPLIST_KEY_UIStatusBarStyle[sdk=iphonesimulator*]" = UIStatusBarStyleDefault;
				INFOPLIST_KEY_UISupportedInterfaceOrientations_iPad = "UIInterfaceOrientationPortrait UIInterfaceOrientationPortraitUpsideDown UIInterfaceOrientationLandscapeLeft UIInterfaceOrientationLandscapeRight";
				INFOPLIST_KEY_UISupportedInterfaceOrientations_iPhone = "UIInterfaceOrientationPortrait UIInterfaceOrientationLandscapeLeft UIInterfaceOrientationLandscapeRight";
				IPHONEOS_DEPLOYMENT_TARGET = 16.2;
				LD_RUNPATH_SEARCH_PATHS = "@executable_path/Frameworks";
				"LD_RUNPATH_SEARCH_PATHS[sdk=macosx*]" = "@executable_path/../Frameworks";
				MACOSX_DEPLOYMENT_TARGET = 13.0;
				MARKETING_VERSION = 1.0;
				NEW_SETTING = "";
				PRODUCT_BUNDLE_IDENTIFIER = "i-cio.MyGumFit";
				PRODUCT_NAME = "$(TARGET_NAME)";
				SDKROOT = auto;
				SUPPORTED_PLATFORMS = "iphoneos iphonesimulator macosx";
				SWIFT_EMIT_LOC_STRINGS = YES;
				SWIFT_VERSION = 5.0;
				TARGETED_DEVICE_FAMILY = "1,2";
			};
			name = Debug;
		};
		068B85D52973B3BB00278140 /* Release */ = {
			isa = XCBuildConfiguration;
			buildSettings = {
				ASSETCATALOG_COMPILER_APPICON_NAME = AppIcon;
				ASSETCATALOG_COMPILER_GLOBAL_ACCENT_COLOR_NAME = AccentColor;
				CODE_SIGN_ENTITLEMENTS = MyGumFit/MyGumFit.entitlements;
				CODE_SIGN_STYLE = Automatic;
				CURRENT_PROJECT_VERSION = 1;
				DEVELOPMENT_ASSET_PATHS = "\"MyGumFit/Preview Content\"";
				DEVELOPMENT_TEAM = 95C35P9LHK;
				ENABLE_HARDENED_RUNTIME = YES;
				ENABLE_PREVIEWS = YES;
				GENERATE_INFOPLIST_FILE = YES;
				INFOPLIST_FILE = MyGumFit/Info.plist;
				"INFOPLIST_KEY_UIApplicationSceneManifest_Generation[sdk=iphoneos*]" = YES;
				"INFOPLIST_KEY_UIApplicationSceneManifest_Generation[sdk=iphonesimulator*]" = YES;
				"INFOPLIST_KEY_UIApplicationSupportsIndirectInputEvents[sdk=iphoneos*]" = YES;
				"INFOPLIST_KEY_UIApplicationSupportsIndirectInputEvents[sdk=iphonesimulator*]" = YES;
				"INFOPLIST_KEY_UILaunchScreen_Generation[sdk=iphoneos*]" = YES;
				"INFOPLIST_KEY_UILaunchScreen_Generation[sdk=iphonesimulator*]" = YES;
				"INFOPLIST_KEY_UIStatusBarStyle[sdk=iphoneos*]" = UIStatusBarStyleDefault;
				"INFOPLIST_KEY_UIStatusBarStyle[sdk=iphonesimulator*]" = UIStatusBarStyleDefault;
				INFOPLIST_KEY_UISupportedInterfaceOrientations_iPad = "UIInterfaceOrientationPortrait UIInterfaceOrientationPortraitUpsideDown UIInterfaceOrientationLandscapeLeft UIInterfaceOrientationLandscapeRight";
				INFOPLIST_KEY_UISupportedInterfaceOrientations_iPhone = "UIInterfaceOrientationPortrait UIInterfaceOrientationLandscapeLeft UIInterfaceOrientationLandscapeRight";
				IPHONEOS_DEPLOYMENT_TARGET = 16.2;
				LD_RUNPATH_SEARCH_PATHS = "@executable_path/Frameworks";
				"LD_RUNPATH_SEARCH_PATHS[sdk=macosx*]" = "@executable_path/../Frameworks";
				MACOSX_DEPLOYMENT_TARGET = 13.0;
				MARKETING_VERSION = 1.0;
				NEW_SETTING = "";
				PRODUCT_BUNDLE_IDENTIFIER = "i-cio.MyGumFit";
				PRODUCT_NAME = "$(TARGET_NAME)";
				SDKROOT = auto;
				SUPPORTED_PLATFORMS = "iphoneos iphonesimulator macosx";
				SWIFT_EMIT_LOC_STRINGS = YES;
				SWIFT_VERSION = 5.0;
				TARGETED_DEVICE_FAMILY = "1,2";
			};
			name = Release;
		};
/* End XCBuildConfiguration section */

/* Begin XCConfigurationList section */
		068B85BF2973B3B900278140 /* Build configuration list for PBXProject "MyGumFit" */ = {
			isa = XCConfigurationList;
			buildConfigurations = (
				068B85D12973B3BB00278140 /* Debug */,
				068B85D22973B3BB00278140 /* Release */,
			);
			defaultConfigurationIsVisible = 0;
			defaultConfigurationName = Release;
		};
		068B85D32973B3BB00278140 /* Build configuration list for PBXNativeTarget "MyGumFit" */ = {
			isa = XCConfigurationList;
			buildConfigurations = (
				068B85D42973B3BB00278140 /* Debug */,
				068B85D52973B3BB00278140 /* Release */,
			);
			defaultConfigurationIsVisible = 0;
			defaultConfigurationName = Release;
		};
/* End XCConfigurationList section */
	};
	rootObject = 068B85BC2973B3B900278140 /* Project object */;
}
